
Microsoft Visual Studio Solution File, Format Version 12.00
# Visual Studio Version 17
VisualStudioVersion = 17.0.31612.314
MinimumVisualStudioVersion = 10.0.40219.1
Project("{8BC9CEB8-8B4A-11D0-8D11-00A0C91BC942}") = "RandomSeat", "RandomSeat\RandomSeat.vcxproj", "{CF23432D-456C-4C0A-8B77-480E1B1DC8DE}"
EndProject
Global
	GlobalSection(SolutionConfigurationPlatforms) = preSolution
		Debug|x64 = Debug|x64
		Debug|x86 = Debug|x86
		Release|x64 = Release|x64
		Release|x86 = Release|x86
	EndGlobalSection
	GlobalSection(ProjectConfigurationPlatforms) = postSolution
		{CF23432D-456C-4C0A-8B77-480E1B1DC8DE}.Debug|x64.ActiveCfg = Debug|x64
		{CF23432D-456C-4C0A-8B77-480E1B1DC8DE}.Debug|x64.Build.0 = Debug|x64
		{CF23432D-456C-4C0A-8B77-480E1B1DC8DE}.Debug|x86.ActiveCfg = Debug|Win32
		{CF23432D-456C-4C0A-8B77-480E1B1DC8DE}.Debug|x86.Build.0 = Debug|Win32
		{CF23432D-456C-4C0A-8B77-480E1B1DC8DE}.Release|x64.ActiveCfg = Release|x64
		{CF23432D-456C-4C0A-8B77-480E1B1DC8DE}.Release|x64.Build.0 = Release|x64
		{CF23432D-456C-4C0A-8B77-480E1B1DC8DE}.Release|x86.ActiveCfg = Release|Win32
		{CF23432D-456C-4C0A-8B77-480E1B1DC8DE}.Release|x86.Build.0 = Release|Win32
	EndGlobalSection
	GlobalSection(SolutionProperties) = preSolution
		HideSolutionNode = FALSE
	EndGlobalSection
	GlobalSection(ExtensibilityGlobals) = postSolution
		SolutionGuid = {2FDC90B3-CEC7-4C0A-8300-2857CF18B43F}
	EndGlobalSection
EndGlobal
